
Microsoft Visual Studio Solution File, Format Version 12.00
# Visual Studio 15
VisualStudioVersion = 15.0.28307.106
MinimumVisualStudioVersion = 10.0.40219.1
Project("{FAE04EC0-301F-11D3-BF4B-00C04F79EFBC}") = "visualTypeDesignerApp", "visualTypeDesignerApp\visualTypeDesignerApp.csproj", "{8767C26D-C8EA-4126-B5D1-D0441774F6E5}"
EndProject
Global
	GlobalSection(SolutionConfigurationPlatforms) = preSolution
		Debug|Any CPU = Debug|Any CPU
		Release|Any CPU = Release|Any CPU
	EndGlobalSection
	GlobalSection(ProjectConfigurationPlatforms) = postSolution
		{8767C26D-C8EA-4126-B5D1-D0441774F6E5}.Debug|Any CPU.ActiveCfg = Debug|Any CPU
		{8767C26D-C8EA-4126-B5D1-D0441774F6E5}.Debug|Any CPU.Build.0 = Debug|Any CPU
		{8767C26D-C8EA-4126-B5D1-D0441774F6E5}.Release|Any CPU.ActiveCfg = Release|Any CPU
		{8767C26D-C8EA-4126-B5D1-D0441774F6E5}.Release|Any CPU.Build.0 = Release|Any CPU
	EndGlobalSection
	GlobalSection(SolutionProperties) = preSolution
		HideSolutionNode = FALSE
	EndGlobalSection
	GlobalSection(ExtensibilityGlobals) = postSolution
		SolutionGuid = {2BB4A711-55A1-4F9D-BD95-29D3F2A3440E}
	EndGlobalSection
EndGlobal
