
Microsoft Visual Studio Solution File, Format Version 12.00
# Visual Studio 15
VisualStudioVersion = 15.0.28307.168
MinimumVisualStudioVersion = 10.0.40219.1
Project("{FAE04EC0-301F-11D3-BF4B-00C04F79EFBC}") = "TypeConversions", "TypeConversions\TypeConversions.csproj", "{40B8323E-4D17-40D2-8EC7-B81814EEEED2}"
EndProject
Global
	GlobalSection(SolutionConfigurationPlatforms) = preSolution
		Debug|Any CPU = Debug|Any CPU
		Release|Any CPU = Release|Any CPU
	EndGlobalSection
	GlobalSection(ProjectConfigurationPlatforms) = postSolution
		{40B8323E-4D17-40D2-8EC7-B81814EEEED2}.Debug|Any CPU.ActiveCfg = Debug|Any CPU
		{40B8323E-4D17-40D2-8EC7-B81814EEEED2}.Debug|Any CPU.Build.0 = Debug|Any CPU
		{40B8323E-4D17-40D2-8EC7-B81814EEEED2}.Release|Any CPU.ActiveCfg = Release|Any CPU
		{40B8323E-4D17-40D2-8EC7-B81814EEEED2}.Release|Any CPU.Build.0 = Release|Any CPU
	EndGlobalSection
	GlobalSection(SolutionProperties) = preSolution
		HideSolutionNode = FALSE
	EndGlobalSection
	GlobalSection(ExtensibilityGlobals) = postSolution
		SolutionGuid = {B77D2E29-8B39-4458-B9A4-CDD27B0C08C9}
	EndGlobalSection
EndGlobal
